{
  "name": "www",
  "version": "1.0.0",
  "lockfileVersion": 3,
  "requires": true,
  "packages": {
    "": {
      "name": "www",
      "version": "1.0.0",
      "license": "ISC",
      "dependencies": {
        "rust-wasm-lib": "file:../pkg"
      }
    },
    "../pkg": {
      "name": "rust-wasm-lib",
      "version": "0.1.0"
    },
    "node_modules/rust-wasm-lib": {
      "resolved": "../pkg",
      "link": true
    }
  }
}
